
Microsoft Visual Studio Solution File, Format Version 12.00
# Visual Studio Version 17
VisualStudioVersion = 17.8.34525.116
MinimumVisualStudioVersion = 10.0.40219.1
Project("{9A19103F-16F7-4668-BE54-9A1E7A4F7556}") = "Assignment 2 Matthew Wolfe", "Assignment 2 Matthew Wolfe\Assignment 2 Matthew Wolfe.csproj", "{F6B8FFB9-7491-4B93-8B24-7BFA8C39B8F3}"
EndProject
Project("{2150E333-8FDC-42A3-9474-1A3956D46DE8}") = "Solution Items", "Solution Items", "{CE3A4B18-4719-416D-A61B-7B34D03FB312}"
	ProjectSection(SolutionItems) = preProject
		README.md = README.md
	EndProjectSection
EndProject
Global
	GlobalSection(SolutionConfigurationPlatforms) = preSolution
		Debug|Any CPU = Debug|Any CPU
		Release|Any CPU = Release|Any CPU
	EndGlobalSection
	GlobalSection(ProjectConfigurationPlatforms) = postSolution
		{F6B8FFB9-7491-4B93-8B24-7BFA8C39B8F3}.Debug|Any CPU.ActiveCfg = Debug|Any CPU
		{F6B8FFB9-7491-4B93-8B24-7BFA8C39B8F3}.Debug|Any CPU.Build.0 = Debug|Any CPU
		{F6B8FFB9-7491-4B93-8B24-7BFA8C39B8F3}.Release|Any CPU.ActiveCfg = Release|Any CPU
		{F6B8FFB9-7491-4B93-8B24-7BFA8C39B8F3}.Release|Any CPU.Build.0 = Release|Any CPU
	EndGlobalSection
	GlobalSection(SolutionProperties) = preSolution
		HideSolutionNode = FALSE
	EndGlobalSection
	GlobalSection(ExtensibilityGlobals) = postSolution
		SolutionGuid = {586E187C-C616-4B17-BDCE-E3F6203BA69E}
	EndGlobalSection
EndGlobal
